// !$*UTF8*$!
{
	archiveVersion = 1;
	classes = {
	};
	objectVersion = 50;
	objects = {

/* Begin PBXBuildFile section */
		7DCCAA1D132C26662C2DA66D /* Pods_FirebaseLogin.framework in Frameworks */ = {isa = PBXBuildFile; fileRef = 64F26FB9016282FD25600E8C /* Pods_FirebaseLogin.framework */; };
		976BA12B218D7B1300959D6E /* HomeViewController.swift in Sources */ = {isa = PBXBuildFile; fileRef = 976BA12A218D7B1300959D6E /* HomeViewController.swift */; };
		976BA12D218D7B4500959D6E /* UserViewController.swift in Sources */ = {isa = PBXBuildFile; fileRef = 976BA12C218D7B4500959D6E /* UserViewController.swift */; };
		97B1363921875B11009D4365 /* AppDelegate.swift in Sources */ = {isa = PBXBuildFile; fileRef = 97B1363821875B11009D4365 /* AppDelegate.swift */; };
		97B1363B21875B11009D4365 /* ViewController.swift in Sources */ = {isa = PBXBuildFile; fileRef = 97B1363A21875B11009D4365 /* ViewController.swift */; };
		97B1363E21875B11009D4365 /* Main.storyboard in Resources */ = {isa = PBXBuildFile; fileRef = 97B1363C21875B11009D4365 /* Main.storyboard */; };
		97B1364021875B15009D4365 /* Assets.xcassets in Resources */ = {isa = PBXBuildFile; fileRef = 97B1363F21875B15009D4365 /* Assets.xcassets */; };
		97B1364321875B15009D4365 /* LaunchScreen.storyboard in Resources */ = {isa = PBXBuildFile; fileRef = 97B1364121875B15009D4365 /* LaunchScreen.storyboard */; };
		97B1364B21875C66009D4365 /* GoogleService-Info.plist in Resources */ = {isa = PBXBuildFile; fileRef = 97B1364A21875C66009D4365 /* GoogleService-Info.plist */; };
		97C12EBB21918A4F00628E36 /* UploadViewController.swift in Sources */ = {isa = PBXBuildFile; fileRef = 97C12EBA21918A4F00628E36 /* UploadViewController.swift */; };
		97E0128321953FC9006944DF /* UserDTO.swift in Sources */ = {isa = PBXBuildFile; fileRef = 97E0128221953FC9006944DF /* UserDTO.swift */; };
/* End PBXBuildFile section */

/* Begin PBXFileReference section */
		047601E50CD52139FB8F9CA6 /* Pods-FirebaseLogin.release.xcconfig */ = {isa = PBXFileReference; includeInIndex = 1; lastKnownFileType = text.xcconfig; name = "Pods-FirebaseLogin.release.xcconfig"; path = "Pods/Target Support Files/Pods-FirebaseLogin/Pods-FirebaseLogin.release.xcconfig"; sourceTree = "<group>"; };
		64F26FB9016282FD25600E8C /* Pods_FirebaseLogin.framework */ = {isa = PBXFileReference; explicitFileType = wrapper.framework; includeInIndex = 0; path = Pods_FirebaseLogin.framework; sourceTree = BUILT_PRODUCTS_DIR; };
		976BA12A218D7B1300959D6E /* HomeViewController.swift */ = {isa = PBXFileReference; lastKnownFileType = sourcecode.swift; path = HomeViewController.swift; sourceTree = "<group>"; };
		976BA12C218D7B4500959D6E /* UserViewController.swift */ = {isa = PBXFileReference; lastKnownFileType = sourcecode.swift; name = UserViewController.swift; path = "/Users/leesanghyup/Desktop/swift/IOS-Practice/FirebaseLogin/FirebaseLogin/UserViewController.swift"; sourceTree = "<absolute>"; };
		97B1363521875B11009D4365 /* FirebaseLogin.app */ = {isa = PBXFileReference; explicitFileType = wrapper.application; includeInIndex = 0; path = FirebaseLogin.app; sourceTree = BUILT_PRODUCTS_DIR; };
		97B1363821875B11009D4365 /* AppDelegate.swift */ = {isa = PBXFileReference; lastKnownFileType = sourcecode.swift; path = AppDelegate.swift; sourceTree = "<group>"; };
		97B1363A21875B11009D4365 /* ViewController.swift */ = {isa = PBXFileReference; lastKnownFileType = sourcecode.swift; path = ViewController.swift; sourceTree = "<group>"; };
		97B1363D21875B11009D4365 /* Base */ = {isa = PBXFileReference; lastKnownFileType = file.storyboard; name = Base; path = Base.lproj/Main.storyboard; sourceTree = "<group>"; };
		97B1363F21875B15009D4365 /* Assets.xcassets */ = {isa = PBXFileReference; lastKnownFileType = folder.assetcatalog; path = Assets.xcassets; sourceTree = "<group>"; };
		97B1364221875B15009D4365 /* Base */ = {isa = PBXFileReference; lastKnownFileType = file.storyboard; name = Base; path = Base.lproj/LaunchScreen.storyboard; sourceTree = "<group>"; };
		97B1364421875B15009D4365 /* Info.plist */ = {isa = PBXFileReference; lastKnownFileType = text.plist.xml; path = Info.plist; sourceTree = "<group>"; };
		97B1364A21875C66009D4365 /* GoogleService-Info.plist */ = {isa = PBXFileReference; fileEncoding = 4; lastKnownFileType = text.plist.xml; path = "GoogleService-Info.plist"; sourceTree = "<group>"; };
		97C12EBA21918A4F00628E36 /* UploadViewController.swift */ = {isa = PBXFileReference; lastKnownFileType = sourcecode.swift; path = UploadViewController.swift; sourceTree = "<group>"; };
		97E0128221953FC9006944DF /* UserDTO.swift */ = {isa = PBXFileReference; lastKnownFileType = sourcecode.swift; path = UserDTO.swift; sourceTree = "<group>"; };
		ACBE6084590E784501F033FB /* Pods-FirebaseLogin.debug.xcconfig */ = {isa = PBXFileReference; includeInIndex = 1; lastKnownFileType = text.xcconfig; name = "Pods-FirebaseLogin.debug.xcconfig"; path = "Pods/Target Support Files/Pods-FirebaseLogin/Pods-FirebaseLogin.debug.xcconfig"; sourceTree = "<group>"; };
/* End PBXFileReference section */

/* Begin PBXFrameworksBuildPhase section */
		97B1363221875B11009D4365 /* Frameworks */ = {
			isa = PBXFrameworksBuildPhase;
			buildActionMask = 2147483647;
			files = (
				7DCCAA1D132C26662C2DA66D /* Pods_FirebaseLogin.framework in Frameworks */,
			);
			runOnlyForDeploymentPostprocessing = 0;
		};
/* End PBXFrameworksBuildPhase section */

/* Begin PBXGroup section */
		18F336598EC54832455BFF8C /* Pods */ = {
			isa = PBXGroup;
			children = (
				ACBE6084590E784501F033FB /* Pods-FirebaseLogin.debug.xcconfig */,
				047601E50CD52139FB8F9CA6 /* Pods-FirebaseLogin.release.xcconfig */,
			);
			name = Pods;
			sourceTree = "<group>";
		};
		587C02DFCB6FB0EDCAA53966 /* Frameworks */ = {
			isa = PBXGroup;
			children = (
				64F26FB9016282FD25600E8C /* Pods_FirebaseLogin.framework */,
			);
			name = Frameworks;
			sourceTree = "<group>";
		};
		97B1362C21875B10009D4365 = {
			isa = PBXGroup;
			children = (
				97B1363721875B11009D4365 /* FirebaseLogin */,
				97B1363621875B11009D4365 /* Products */,
				18F336598EC54832455BFF8C /* Pods */,
				587C02DFCB6FB0EDCAA53966 /* Frameworks */,
			);
			sourceTree = "<group>";
		};
		97B1363621875B11009D4365 /* Products */ = {
			isa = PBXGroup;
			children = (
				97B1363521875B11009D4365 /* FirebaseLogin.app */,
			);
			name = Products;
			sourceTree = "<group>";
		};
		97B1363721875B11009D4365 /* FirebaseLogin */ = {
			isa = PBXGroup;
			children = (
				97B1363821875B11009D4365 /* AppDelegate.swift */,
				97B1363A21875B11009D4365 /* ViewController.swift */,
				97B1363C21875B11009D4365 /* Main.storyboard */,
				976BA12C218D7B4500959D6E /* UserViewController.swift */,
				97E0128221953FC9006944DF /* UserDTO.swift */,
				97B1363F21875B15009D4365 /* Assets.xcassets */,
				976BA12A218D7B1300959D6E /* HomeViewController.swift */,
				97B1364A21875C66009D4365 /* GoogleService-Info.plist */,
				97B1364121875B15009D4365 /* LaunchScreen.storyboard */,
				97B1364421875B15009D4365 /* Info.plist */,
				97C12EBA21918A4F00628E36 /* UploadViewController.swift */,
			);
			path = FirebaseLogin;
			sourceTree = "<group>";
		};
/* End PBXGroup section */

/* Begin PBXNativeTarget section */
		97B1363421875B11009D4365 /* FirebaseLogin */ = {
			isa = PBXNativeTarget;
			buildConfigurationList = 97B1364721875B15009D4365 /* Build configuration list for PBXNativeTarget "FirebaseLogin" */;
			buildPhases = (
				AD449339549D72F9B9879AFF /* [CP] Check Pods Manifest.lock */,
				97B1363121875B11009D4365 /* Sources */,
				97B1363221875B11009D4365 /* Frameworks */,
				97B1363321875B11009D4365 /* Resources */,
				ABA6A5C4B76B8C50A8CCB728 /* [CP] Embed Pods Frameworks */,
				83D2FC06C2ACD66E5B05FD32 /* [CP] Copy Pods Resources */,
			);
			buildRules = (
			);
			dependencies = (
			);
			name = FirebaseLogin;
			productName = FirebaseLogin;
			productReference = 97B1363521875B11009D4365 /* FirebaseLogin.app */;
			productType = "com.apple.product-type.application";
		};
/* End PBXNativeTarget section */

/* Begin PBXProject section */
		97B1362D21875B10009D4365 /* Project object */ = {
			isa = PBXProject;
			attributes = {
				LastSwiftUpdateCheck = 1000;
				LastUpgradeCheck = 1000;
				ORGANIZATIONNAME = "이상협";
				TargetAttributes = {
					97B1363421875B11009D4365 = {
						CreatedOnToolsVersion = 10.0;
					};
				};
			};
			buildConfigurationList = 97B1363021875B10009D4365 /* Build configuration list for PBXProject "FirebaseLogin" */;
			compatibilityVersion = "Xcode 9.3";
			developmentRegion = en;
			hasScannedForEncodings = 0;
			knownRegions = (
				en,
				Base,
			);
			mainGroup = 97B1362C21875B10009D4365;
			productRefGroup = 97B1363621875B11009D4365 /* Products */;
			projectDirPath = "";
			projectRoot = "";
			targets = (
				97B1363421875B11009D4365 /* FirebaseLogin */,
			);
		};
/* End PBXProject section */

/* Begin PBXResourcesBuildPhase section */
		97B1363321875B11009D4365 /* Resources */ = {
			isa = PBXResourcesBuildPhase;
			buildActionMask = 2147483647;
			files = (
				97B1364321875B15009D4365 /* LaunchScreen.storyboard in Resources */,
				97B1364021875B15009D4365 /* Assets.xcassets in Resources */,
				97B1363E21875B11009D4365 /* Main.storyboard in Resources */,
				97B1364B21875C66009D4365 /* GoogleService-Info.plist in Resources */,
			);
			runOnlyForDeploymentPostprocessing = 0;
		};
/* End PBXResourcesBuildPhase section */

/* Begin PBXShellScriptBuildPhase section */
		83D2FC06C2ACD66E5B05FD32 /* [CP] Copy Pods Resources */ = {
			isa = PBXShellScriptBuildPhase;
			buildActionMask = 2147483647;
			files = (
			);
			inputPaths = (
				"${SRCROOT}/Pods/Target Support Files/Pods-FirebaseLogin/Pods-FirebaseLogin-resources.sh",
				"${PODS_ROOT}/GoogleSignIn/Resources/GoogleSignIn.bundle",
			);
			name = "[CP] Copy Pods Resources";
			outputPaths = (
				"${TARGET_BUILD_DIR}/${UNLOCALIZED_RESOURCES_FOLDER_PATH}/GoogleSignIn.bundle",
			);
			runOnlyForDeploymentPostprocessing = 0;
			shellPath = /bin/sh;
			shellScript = "\"${SRCROOT}/Pods/Target Support Files/Pods-FirebaseLogin/Pods-FirebaseLogin-resources.sh\"\n";
			showEnvVarsInLog = 0;
		};
		ABA6A5C4B76B8C50A8CCB728 /* [CP] Embed Pods Frameworks */ = {
			isa = PBXShellScriptBuildPhase;
			buildActionMask = 2147483647;
			files = (
			);
			inputPaths = (
				"${SRCROOT}/Pods/Target Support Files/Pods-FirebaseLogin/Pods-FirebaseLogin-frameworks.sh",
				"${BUILT_PRODUCTS_DIR}/Bolts/Bolts.framework",
				"${BUILT_PRODUCTS_DIR}/FBSDKCoreKit/FBSDKCoreKit.framework",
				"${BUILT_PRODUCTS_DIR}/FBSDKLoginKit/FBSDKLoginKit.framework",
				"${BUILT_PRODUCTS_DIR}/FBSDKMessengerShareKit/FBSDKMessengerShareKit.framework",
				"${BUILT_PRODUCTS_DIR}/FBSDKPlacesKit/FBSDKPlacesKit.framework",
				"${BUILT_PRODUCTS_DIR}/FBSDKShareKit/FBSDKShareKit.framework",
				"${BUILT_PRODUCTS_DIR}/GTMOAuth2/GTMOAuth2.framework",
				"${BUILT_PRODUCTS_DIR}/GTMSessionFetcher/GTMSessionFetcher.framework",
				"${BUILT_PRODUCTS_DIR}/GoogleToolboxForMac/GoogleToolboxForMac.framework",
				"${BUILT_PRODUCTS_DIR}/GoogleUtilities/GoogleUtilities.framework",
				"${BUILT_PRODUCTS_DIR}/leveldb-library/leveldb.framework",
				"${BUILT_PRODUCTS_DIR}/nanopb/nanopb.framework",
			);
			name = "[CP] Embed Pods Frameworks";
			outputPaths = (
				"${TARGET_BUILD_DIR}/${FRAMEWORKS_FOLDER_PATH}/Bolts.framework",
				"${TARGET_BUILD_DIR}/${FRAMEWORKS_FOLDER_PATH}/FBSDKCoreKit.framework",
				"${TARGET_BUILD_DIR}/${FRAMEWORKS_FOLDER_PATH}/FBSDKLoginKit.framework",
				"${TARGET_BUILD_DIR}/${FRAMEWORKS_FOLDER_PATH}/FBSDKMessengerShareKit.framework",
				"${TARGET_BUILD_DIR}/${FRAMEWORKS_FOLDER_PATH}/FBSDKPlacesKit.framework",
				"${TARGET_BUILD_DIR}/${FRAMEWORKS_FOLDER_PATH}/FBSDKShareKit.framework",
				"${TARGET_BUILD_DIR}/${FRAMEWORKS_FOLDER_PATH}/GTMOAuth2.framework",
				"${TARGET_BUILD_DIR}/${FRAMEWORKS_FOLDER_PATH}/GTMSessionFetcher.framework",
				"${TARGET_BUILD_DIR}/${FRAMEWORKS_FOLDER_PATH}/GoogleToolboxForMac.framework",
				"${TARGET_BUILD_DIR}/${FRAMEWORKS_FOLDER_PATH}/GoogleUtilities.framework",
				"${TARGET_BUILD_DIR}/${FRAMEWORKS_FOLDER_PATH}/leveldb.framework",
				"${TARGET_BUILD_DIR}/${FRAMEWORKS_FOLDER_PATH}/nanopb.framework",
			);
			runOnlyForDeploymentPostprocessing = 0;
			shellPath = /bin/sh;
			shellScript = "\"${SRCROOT}/Pods/Target Support Files/Pods-FirebaseLogin/Pods-FirebaseLogin-frameworks.sh\"\n";
			showEnvVarsInLog = 0;
		};
		AD449339549D72F9B9879AFF /* [CP] Check Pods Manifest.lock */ = {
			isa = PBXShellScriptBuildPhase;
			buildActionMask = 2147483647;
			files = (
			);
			inputPaths = (
				"${PODS_PODFILE_DIR_PATH}/Podfile.lock",
				"${PODS_ROOT}/Manifest.lock",
			);
			name = "[CP] Check Pods Manifest.lock";
			outputPaths = (
				"$(DERIVED_FILE_DIR)/Pods-FirebaseLogin-checkManifestLockResult.txt",
			);
			runOnlyForDeploymentPostprocessing = 0;
			shellPath = /bin/sh;
			shellScript = "diff \"${PODS_PODFILE_DIR_PATH}/Podfile.lock\" \"${PODS_ROOT}/Manifest.lock\" > /dev/null\nif [ $? != 0 ] ; then\n    # print error to STDERR\n    echo \"error: The sandbox is not in sync with the Podfile.lock. Run 'pod install' or update your CocoaPods installation.\" >&2\n    exit 1\nfi\n# This output is used by Xcode 'outputs' to avoid re-running this script phase.\necho \"SUCCESS\" > \"${SCRIPT_OUTPUT_FILE_0}\"\n";
			showEnvVarsInLog = 0;
		};
/* End PBXShellScriptBuildPhase section */

/* Begin PBXSourcesBuildPhase section */
		97B1363121875B11009D4365 /* Sources */ = {
			isa = PBXSourcesBuildPhase;
			buildActionMask = 2147483647;
			files = (
				97E0128321953FC9006944DF /* UserDTO.swift in Sources */,
				97B1363B21875B11009D4365 /* ViewController.swift in Sources */,
				97C12EBB21918A4F00628E36 /* UploadViewController.swift in Sources */,
				976BA12D218D7B4500959D6E /* UserViewController.swift in Sources */,
				97B1363921875B11009D4365 /* AppDelegate.swift in Sources */,
				976BA12B218D7B1300959D6E /* HomeViewController.swift in Sources */,
			);
			runOnlyForDeploymentPostprocessing = 0;
		};
/* End PBXSourcesBuildPhase section */

/* Begin PBXVariantGroup section */
		97B1363C21875B11009D4365 /* Main.storyboard */ = {
			isa = PBXVariantGroup;
			children = (
				97B1363D21875B11009D4365 /* Base */,
			);
			name = Main.storyboard;
			sourceTree = "<group>";
		};
		97B1364121875B15009D4365 /* LaunchScreen.storyboard */ = {
			isa = PBXVariantGroup;
			children = (
				97B1364221875B15009D4365 /* Base */,
			);
			name = LaunchScreen.storyboard;
			sourceTree = "<group>";
		};
/* End PBXVariantGroup section */

/* Begin XCBuildConfiguration section */
		97B1364521875B15009D4365 /* Debug */ = {
			isa = XCBuildConfiguration;
			buildSettings = {
				ALWAYS_SEARCH_USER_PATHS = NO;
				CLANG_ANALYZER_NONNULL = YES;
				CLANG_ANALYZER_NUMBER_OBJECT_CONVERSION = YES_AGGRESSIVE;
				CLANG_CXX_LANGUAGE_STANDARD = "gnu++14";
				CLANG_CXX_LIBRARY = "libc++";
				CLANG_ENABLE_MODULES = YES;
				CLANG_ENABLE_OBJC_ARC = YES;
				CLANG_ENABLE_OBJC_WEAK = YES;
				CLANG_WARN_BLOCK_CAPTURE_AUTORELEASING = YES;
				CLANG_WARN_BOOL_CONVERSION = YES;
				CLANG_WARN_COMMA = YES;
				CLANG_WARN_CONSTANT_CONVERSION = YES;
				CLANG_WARN_DEPRECATED_OBJC_IMPLEMENTATIONS = YES;
				CLANG_WARN_DIRECT_OBJC_ISA_USAGE = YES_ERROR;
				CLANG_WARN_DOCUMENTATION_COMMENTS = YES;
				CLANG_WARN_EMPTY_BODY = YES;
				CLANG_WARN_ENUM_CONVERSION = YES;
				CLANG_WARN_INFINITE_RECURSION = YES;
				CLANG_WARN_INT_CONVERSION = YES;
				CLANG_WARN_NON_LITERAL_NULL_CONVERSION = YES;
				CLANG_WARN_OBJC_IMPLICIT_RETAIN_SELF = YES;
				CLANG_WARN_OBJC_LITERAL_CONVERSION = YES;
				CLANG_WARN_OBJC_ROOT_CLASS = YES_ERROR;
				CLANG_WARN_RANGE_LOOP_ANALYSIS = YES;
				CLANG_WARN_STRICT_PROTOTYPES = YES;
				CLANG_WARN_SUSPICIOUS_MOVE = YES;
				CLANG_WARN_UNGUARDED_AVAILABILITY = YES_AGGRESSIVE;
				CLANG_WARN_UNREACHABLE_CODE = YES;
				CLANG_WARN__DUPLICATE_METHOD_MATCH = YES;
				CODE_SIGN_IDENTITY = "iPhone Developer";
				COPY_PHASE_STRIP = NO;
				DEBUG_INFORMATION_FORMAT = dwarf;
				ENABLE_STRICT_OBJC_MSGSEND = YES;
				ENABLE_TESTABILITY = YES;
				GCC_C_LANGUAGE_STANDARD = gnu11;
				GCC_DYNAMIC_NO_PIC = NO;
				GCC_NO_COMMON_BLOCKS = YES;
				GCC_OPTIMIZATION_LEVEL = 0;
				GCC_PREPROCESSOR_DEFINITIONS = (
					"DEBUG=1",
					"$(inherited)",
				);
				GCC_WARN_64_TO_32_BIT_CONVERSION = YES;
				GCC_WARN_ABOUT_RETURN_TYPE = YES_ERROR;
				GCC_WARN_UNDECLARED_SELECTOR = YES;
				GCC_WARN_UNINITIALIZED_AUTOS = YES_AGGRESSIVE;
				GCC_WARN_UNUSED_FUNCTION = YES;
				GCC_WARN_UNUSED_VARIABLE = YES;
				IPHONEOS_DEPLOYMENT_TARGET = 12.0;
				MTL_ENABLE_DEBUG_INFO = INCLUDE_SOURCE;
				MTL_FAST_MATH = YES;
				ONLY_ACTIVE_ARCH = YES;
				SDKROOT = iphoneos;
				SWIFT_ACTIVE_COMPILATION_CONDITIONS = DEBUG;
				SWIFT_OPTIMIZATION_LEVEL = "-Onone";
			};
			name = Debug;
		};
		97B1364621875B15009D4365 /* Release */ = {
			isa = XCBuildConfiguration;
			buildSettings = {
				ALWAYS_SEARCH_USER_PATHS = NO;
				CLANG_ANALYZER_NONNULL = YES;
				CLANG_ANALYZER_NUMBER_OBJECT_CONVERSION = YES_AGGRESSIVE;
				CLANG_CXX_LANGUAGE_STANDARD = "gnu++14";
				CLANG_CXX_LIBRARY = "libc++";
				CLANG_ENABLE_MODULES = YES;
				CLANG_ENABLE_OBJC_ARC = YES;
				CLANG_ENABLE_OBJC_WEAK = YES;
				CLANG_WARN_BLOCK_CAPTURE_AUTORELEASING = YES;
				CLANG_WARN_BOOL_CONVERSION = YES;
				CLANG_WARN_COMMA = YES;
				CLANG_WARN_CONSTANT_CONVERSION = YES;
				CLANG_WARN_DEPRECATED_OBJC_IMPLEMENTATIONS = YES;
				CLANG_WARN_DIRECT_OBJC_ISA_USAGE = YES_ERROR;
				CLANG_WARN_DOCUMENTATION_COMMENTS = YES;
				CLANG_WARN_EMPTY_BODY = YES;
				CLANG_WARN_ENUM_CONVERSION = YES;
				CLANG_WARN_INFINITE_RECURSION = YES;
				CLANG_WARN_INT_CONVERSION = YES;
				CLANG_WARN_NON_LITERAL_NULL_CONVERSION = YES;
				CLANG_WARN_OBJC_IMPLICIT_RETAIN_SELF = YES;
				CLANG_WARN_OBJC_LITERAL_CONVERSION = YES;
				CLANG_WARN_OBJC_ROOT_CLASS = YES_ERROR;
				CLANG_WARN_RANGE_LOOP_ANALYSIS = YES;
				CLANG_WARN_STRICT_PROTOTYPES = YES;
				CLANG_WARN_SUSPICIOUS_MOVE = YES;
				CLANG_WARN_UNGUARDED_AVAILABILITY = YES_AGGRESSIVE;
				CLANG_WARN_UNREACHABLE_CODE = YES;
				CLANG_WARN__DUPLICATE_METHOD_MATCH = YES;
				CODE_SIGN_IDENTITY = "iPhone Developer";
				COPY_PHASE_STRIP = NO;
				DEBUG_INFORMATION_FORMAT = "dwarf-with-dsym";
				ENABLE_NS_ASSERTIONS = NO;
				ENABLE_STRICT_OBJC_MSGSEND = YES;
				GCC_C_LANGUAGE_STANDARD = gnu11;
				GCC_NO_COMMON_BLOCKS = YES;
				GCC_WARN_64_TO_32_BIT_CONVERSION = YES;
				GCC_WARN_ABOUT_RETURN_TYPE = YES_ERROR;
				GCC_WARN_UNDECLARED_SELECTOR = YES;
				GCC_WARN_UNINITIALIZED_AUTOS = YES_AGGRESSIVE;
				GCC_WARN_UNUSED_FUNCTION = YES;
				GCC_WARN_UNUSED_VARIABLE = YES;
				IPHONEOS_DEPLOYMENT_TARGET = 12.0;
				MTL_ENABLE_DEBUG_INFO = NO;
				MTL_FAST_MATH = YES;
				SDKROOT = iphoneos;
				SWIFT_COMPILATION_MODE = wholemodule;
				SWIFT_OPTIMIZATION_LEVEL = "-O";
				VALIDATE_PRODUCT = YES;
			};
			name = Release;
		};
		97B1364821875B15009D4365 /* Debug */ = {
			isa = XCBuildConfiguration;
			baseConfigurationReference = ACBE6084590E784501F033FB /* Pods-FirebaseLogin.debug.xcconfig */;
			buildSettings = {
				ASSETCATALOG_COMPILER_APPICON_NAME = AppIcon;
				CODE_SIGN_STYLE = Automatic;
				DEVELOPMENT_TEAM = MZ32LAKQRY;
				INFOPLIST_FILE = FirebaseLogin/Info.plist;
				LD_RUNPATH_SEARCH_PATHS = (
					"$(inherited)",
					"@executable_path/Frameworks",
				);
				PRODUCT_BUNDLE_IDENTIFIER = kr.ac.sogang.20131585.Lee.FirebaseLogin;
				PRODUCT_NAME = "$(TARGET_NAME)";
				SWIFT_VERSION = 4.2;
				TARGETED_DEVICE_FAMILY = "1,2";
			};
			name = Debug;
		};
		97B1364921875B15009D4365 /* Release */ = {
			isa = XCBuildConfiguration;
			baseConfigurationReference = 047601E50CD52139FB8F9CA6 /* Pods-FirebaseLogin.release.xcconfig */;
			buildSettings = {
				ASSETCATALOG_COMPILER_APPICON_NAME = AppIcon;
				CODE_SIGN_STYLE = Automatic;
				DEVELOPMENT_TEAM = MZ32LAKQRY;
				INFOPLIST_FILE = FirebaseLogin/Info.plist;
				LD_RUNPATH_SEARCH_PATHS = (
					"$(inherited)",
					"@executable_path/Frameworks",
				);
				PRODUCT_BUNDLE_IDENTIFIER = kr.ac.sogang.20131585.Lee.FirebaseLogin;
				PRODUCT_NAME = "$(TARGET_NAME)";
				SWIFT_VERSION = 4.2;
				TARGETED_DEVICE_FAMILY = "1,2";
			};
			name = Release;
		};
/* End XCBuildConfiguration section */

/* Begin XCConfigurationList section */
		97B1363021875B10009D4365 /* Build configuration list for PBXProject "FirebaseLogin" */ = {
			isa = XCConfigurationList;
			buildConfigurations = (
				97B1364521875B15009D4365 /* Debug */,
				97B1364621875B15009D4365 /* Release */,
			);
			defaultConfigurationIsVisible = 0;
			defaultConfigurationName = Release;
		};
		97B1364721875B15009D4365 /* Build configuration list for PBXNativeTarget "FirebaseLogin" */ = {
			isa = XCConfigurationList;
			buildConfigurations = (
				97B1364821875B15009D4365 /* Debug */,
				97B1364921875B15009D4365 /* Release */,
			);
			defaultConfigurationIsVisible = 0;
			defaultConfigurationName = Release;
		};
/* End XCConfigurationList section */
	};
	rootObject = 97B1362D21875B10009D4365 /* Project object */;
}
