// !$*UTF8*$!
{
	archiveVersion = 1;
	classes = {
	};
	objectVersion = 48;
	objects = {

/* Begin PBXBuildFile section */
		970196CA205973FF00600377 /* AppDelegate.swift in Sources */ = {isa = PBXBuildFile; fileRef = 970196C9205973FF00600377 /* AppDelegate.swift */; };
		970196CC205973FF00600377 /* ViewController.swift in Sources */ = {isa = PBXBuildFile; fileRef = 970196CB205973FF00600377 /* ViewController.swift */; };
		970196CF205973FF00600377 /* Main.storyboard in Resources */ = {isa = PBXBuildFile; fileRef = 970196CD205973FF00600377 /* Main.storyboard */; };
		970196D1205973FF00600377 /* Assets.xcassets in Resources */ = {isa = PBXBuildFile; fileRef = 970196D0205973FF00600377 /* Assets.xcassets */; };
		970196D4205973FF00600377 /* LaunchScreen.storyboard in Resources */ = {isa = PBXBuildFile; fileRef = 970196D2205973FF00600377 /* LaunchScreen.storyboard */; };
		970196E12059741700600377 /* snow.png in Resources */ = {isa = PBXBuildFile; fileRef = 970196DC2059741700600377 /* snow.png */; };
		970196E22059741700600377 /* sunny.png in Resources */ = {isa = PBXBuildFile; fileRef = 970196DD2059741700600377 /* sunny.png */; };
		970196E32059741700600377 /* cloudy.png in Resources */ = {isa = PBXBuildFile; fileRef = 970196DE2059741700600377 /* cloudy.png */; };
		970196E42059741700600377 /* blizzard.png in Resources */ = {isa = PBXBuildFile; fileRef = 970196DF2059741700600377 /* blizzard.png */; };
		970196E52059741700600377 /* rainy.png in Resources */ = {isa = PBXBuildFile; fileRef = 970196E02059741700600377 /* rainy.png */; };
		970196E72059748200600377 /* WeatherCell.swift in Sources */ = {isa = PBXBuildFile; fileRef = 970196E62059748200600377 /* WeatherCell.swift */; };
/* End PBXBuildFile section */

/* Begin PBXFileReference section */
		970196C6205973FF00600377 /* XmlParser.app */ = {isa = PBXFileReference; explicitFileType = wrapper.application; includeInIndex = 0; path = XmlParser.app; sourceTree = BUILT_PRODUCTS_DIR; };
		970196C9205973FF00600377 /* AppDelegate.swift */ = {isa = PBXFileReference; lastKnownFileType = sourcecode.swift; path = AppDelegate.swift; sourceTree = "<group>"; };
		970196CB205973FF00600377 /* ViewController.swift */ = {isa = PBXFileReference; lastKnownFileType = sourcecode.swift; path = ViewController.swift; sourceTree = "<group>"; };
		970196CE205973FF00600377 /* Base */ = {isa = PBXFileReference; lastKnownFileType = file.storyboard; name = Base; path = Base.lproj/Main.storyboard; sourceTree = "<group>"; };
		970196D0205973FF00600377 /* Assets.xcassets */ = {isa = PBXFileReference; lastKnownFileType = folder.assetcatalog; path = Assets.xcassets; sourceTree = "<group>"; };
		970196D3205973FF00600377 /* Base */ = {isa = PBXFileReference; lastKnownFileType = file.storyboard; name = Base; path = Base.lproj/LaunchScreen.storyboard; sourceTree = "<group>"; };
		970196D5205973FF00600377 /* Info.plist */ = {isa = PBXFileReference; lastKnownFileType = text.plist.xml; path = Info.plist; sourceTree = "<group>"; };
		970196DC2059741700600377 /* snow.png */ = {isa = PBXFileReference; lastKnownFileType = image.png; name = snow.png; path = ../../../WeatherTable/WeatherTable/Resource/snow.png; sourceTree = "<group>"; };
		970196DD2059741700600377 /* sunny.png */ = {isa = PBXFileReference; lastKnownFileType = image.png; name = sunny.png; path = ../../../WeatherTable/WeatherTable/Resource/sunny.png; sourceTree = "<group>"; };
		970196DE2059741700600377 /* cloudy.png */ = {isa = PBXFileReference; lastKnownFileType = image.png; name = cloudy.png; path = ../../../WeatherTable/WeatherTable/Resource/cloudy.png; sourceTree = "<group>"; };
		970196DF2059741700600377 /* blizzard.png */ = {isa = PBXFileReference; lastKnownFileType = image.png; name = blizzard.png; path = ../../../WeatherTable/WeatherTable/Resource/blizzard.png; sourceTree = "<group>"; };
		970196E02059741700600377 /* rainy.png */ = {isa = PBXFileReference; lastKnownFileType = image.png; name = rainy.png; path = ../../../WeatherTable/WeatherTable/Resource/rainy.png; sourceTree = "<group>"; };
		970196E62059748200600377 /* WeatherCell.swift */ = {isa = PBXFileReference; lastKnownFileType = sourcecode.swift; path = WeatherCell.swift; sourceTree = "<group>"; };
/* End PBXFileReference section */

/* Begin PBXFrameworksBuildPhase section */
		970196C3205973FF00600377 /* Frameworks */ = {
			isa = PBXFrameworksBuildPhase;
			buildActionMask = 2147483647;
			files = (
			);
			runOnlyForDeploymentPostprocessing = 0;
		};
/* End PBXFrameworksBuildPhase section */

/* Begin PBXGroup section */
		970196BD205973FF00600377 = {
			isa = PBXGroup;
			children = (
				970196C8205973FF00600377 /* XmlParser */,
				970196C7205973FF00600377 /* Products */,
			);
			sourceTree = "<group>";
		};
		970196C7205973FF00600377 /* Products */ = {
			isa = PBXGroup;
			children = (
				970196C6205973FF00600377 /* XmlParser.app */,
			);
			name = Products;
			sourceTree = "<group>";
		};
		970196C8205973FF00600377 /* XmlParser */ = {
			isa = PBXGroup;
			children = (
				970196DB2059740400600377 /* Resource */,
				970196C9205973FF00600377 /* AppDelegate.swift */,
				970196CB205973FF00600377 /* ViewController.swift */,
				970196CD205973FF00600377 /* Main.storyboard */,
				970196D0205973FF00600377 /* Assets.xcassets */,
				970196D2205973FF00600377 /* LaunchScreen.storyboard */,
				970196D5205973FF00600377 /* Info.plist */,
				970196E62059748200600377 /* WeatherCell.swift */,
			);
			path = XmlParser;
			sourceTree = "<group>";
		};
		970196DB2059740400600377 /* Resource */ = {
			isa = PBXGroup;
			children = (
				970196DF2059741700600377 /* blizzard.png */,
				970196DE2059741700600377 /* cloudy.png */,
				970196E02059741700600377 /* rainy.png */,
				970196DC2059741700600377 /* snow.png */,
				970196DD2059741700600377 /* sunny.png */,
			);
			path = Resource;
			sourceTree = "<group>";
		};
/* End PBXGroup section */

/* Begin PBXNativeTarget section */
		970196C5205973FF00600377 /* XmlParser */ = {
			isa = PBXNativeTarget;
			buildConfigurationList = 970196D8205973FF00600377 /* Build configuration list for PBXNativeTarget "XmlParser" */;
			buildPhases = (
				970196C2205973FF00600377 /* Sources */,
				970196C3205973FF00600377 /* Frameworks */,
				970196C4205973FF00600377 /* Resources */,
			);
			buildRules = (
			);
			dependencies = (
			);
			name = XmlParser;
			productName = XmlParser;
			productReference = 970196C6205973FF00600377 /* XmlParser.app */;
			productType = "com.apple.product-type.application";
		};
/* End PBXNativeTarget section */

/* Begin PBXProject section */
		970196BE205973FF00600377 /* Project object */ = {
			isa = PBXProject;
			attributes = {
				LastSwiftUpdateCheck = 0920;
				LastUpgradeCheck = 0920;
				ORGANIZATIONNAME = "이상협";
				TargetAttributes = {
					970196C5205973FF00600377 = {
						CreatedOnToolsVersion = 9.2;
						ProvisioningStyle = Automatic;
					};
				};
			};
			buildConfigurationList = 970196C1205973FF00600377 /* Build configuration list for PBXProject "XmlParser" */;
			compatibilityVersion = "Xcode 8.0";
			developmentRegion = en;
			hasScannedForEncodings = 0;
			knownRegions = (
				en,
				Base,
			);
			mainGroup = 970196BD205973FF00600377;
			productRefGroup = 970196C7205973FF00600377 /* Products */;
			projectDirPath = "";
			projectRoot = "";
			targets = (
				970196C5205973FF00600377 /* XmlParser */,
			);
		};
/* End PBXProject section */

/* Begin PBXResourcesBuildPhase section */
		970196C4205973FF00600377 /* Resources */ = {
			isa = PBXResourcesBuildPhase;
			buildActionMask = 2147483647;
			files = (
				970196D4205973FF00600377 /* LaunchScreen.storyboard in Resources */,
				970196E32059741700600377 /* cloudy.png in Resources */,
				970196D1205973FF00600377 /* Assets.xcassets in Resources */,
				970196E42059741700600377 /* blizzard.png in Resources */,
				970196E22059741700600377 /* sunny.png in Resources */,
				970196E12059741700600377 /* snow.png in Resources */,
				970196CF205973FF00600377 /* Main.storyboard in Resources */,
				970196E52059741700600377 /* rainy.png in Resources */,
			);
			runOnlyForDeploymentPostprocessing = 0;
		};
/* End PBXResourcesBuildPhase section */

/* Begin PBXSourcesBuildPhase section */
		970196C2205973FF00600377 /* Sources */ = {
			isa = PBXSourcesBuildPhase;
			buildActionMask = 2147483647;
			files = (
				970196CC205973FF00600377 /* ViewController.swift in Sources */,
				970196CA205973FF00600377 /* AppDelegate.swift in Sources */,
				970196E72059748200600377 /* WeatherCell.swift in Sources */,
			);
			runOnlyForDeploymentPostprocessing = 0;
		};
/* End PBXSourcesBuildPhase section */

/* Begin PBXVariantGroup section */
		970196CD205973FF00600377 /* Main.storyboard */ = {
			isa = PBXVariantGroup;
			children = (
				970196CE205973FF00600377 /* Base */,
			);
			name = Main.storyboard;
			sourceTree = "<group>";
		};
		970196D2205973FF00600377 /* LaunchScreen.storyboard */ = {
			isa = PBXVariantGroup;
			children = (
				970196D3205973FF00600377 /* Base */,
			);
			name = LaunchScreen.storyboard;
			sourceTree = "<group>";
		};
/* End PBXVariantGroup section */

/* Begin XCBuildConfiguration section */
		970196D6205973FF00600377 /* Debug */ = {
			isa = XCBuildConfiguration;
			buildSettings = {
				ALWAYS_SEARCH_USER_PATHS = NO;
				CLANG_ANALYZER_NONNULL = YES;
				CLANG_ANALYZER_NUMBER_OBJECT_CONVERSION = YES_AGGRESSIVE;
				CLANG_CXX_LANGUAGE_STANDARD = "gnu++14";
				CLANG_CXX_LIBRARY = "libc++";
				CLANG_ENABLE_MODULES = YES;
				CLANG_ENABLE_OBJC_ARC = YES;
				CLANG_WARN_BLOCK_CAPTURE_AUTORELEASING = YES;
				CLANG_WARN_BOOL_CONVERSION = YES;
				CLANG_WARN_COMMA = YES;
				CLANG_WARN_CONSTANT_CONVERSION = YES;
				CLANG_WARN_DIRECT_OBJC_ISA_USAGE = YES_ERROR;
				CLANG_WARN_DOCUMENTATION_COMMENTS = YES;
				CLANG_WARN_EMPTY_BODY = YES;
				CLANG_WARN_ENUM_CONVERSION = YES;
				CLANG_WARN_INFINITE_RECURSION = YES;
				CLANG_WARN_INT_CONVERSION = YES;
				CLANG_WARN_NON_LITERAL_NULL_CONVERSION = YES;
				CLANG_WARN_OBJC_LITERAL_CONVERSION = YES;
				CLANG_WARN_OBJC_ROOT_CLASS = YES_ERROR;
				CLANG_WARN_RANGE_LOOP_ANALYSIS = YES;
				CLANG_WARN_STRICT_PROTOTYPES = YES;
				CLANG_WARN_SUSPICIOUS_MOVE = YES;
				CLANG_WARN_UNGUARDED_AVAILABILITY = YES_AGGRESSIVE;
				CLANG_WARN_UNREACHABLE_CODE = YES;
				CLANG_WARN__DUPLICATE_METHOD_MATCH = YES;
				CODE_SIGN_IDENTITY = "iPhone Developer";
				COPY_PHASE_STRIP = NO;
				DEBUG_INFORMATION_FORMAT = dwarf;
				ENABLE_STRICT_OBJC_MSGSEND = YES;
				ENABLE_TESTABILITY = YES;
				GCC_C_LANGUAGE_STANDARD = gnu11;
				GCC_DYNAMIC_NO_PIC = NO;
				GCC_NO_COMMON_BLOCKS = YES;
				GCC_OPTIMIZATION_LEVEL = 0;
				GCC_PREPROCESSOR_DEFINITIONS = (
					"DEBUG=1",
					"$(inherited)",
				);
				GCC_WARN_64_TO_32_BIT_CONVERSION = YES;
				GCC_WARN_ABOUT_RETURN_TYPE = YES_ERROR;
				GCC_WARN_UNDECLARED_SELECTOR = YES;
				GCC_WARN_UNINITIALIZED_AUTOS = YES_AGGRESSIVE;
				GCC_WARN_UNUSED_FUNCTION = YES;
				GCC_WARN_UNUSED_VARIABLE = YES;
				IPHONEOS_DEPLOYMENT_TARGET = 11.2;
				MTL_ENABLE_DEBUG_INFO = YES;
				ONLY_ACTIVE_ARCH = YES;
				SDKROOT = iphoneos;
				SWIFT_ACTIVE_COMPILATION_CONDITIONS = DEBUG;
				SWIFT_OPTIMIZATION_LEVEL = "-Onone";
			};
			name = Debug;
		};
		970196D7205973FF00600377 /* Release */ = {
			isa = XCBuildConfiguration;
			buildSettings = {
				ALWAYS_SEARCH_USER_PATHS = NO;
				CLANG_ANALYZER_NONNULL = YES;
				CLANG_ANALYZER_NUMBER_OBJECT_CONVERSION = YES_AGGRESSIVE;
				CLANG_CXX_LANGUAGE_STANDARD = "gnu++14";
				CLANG_CXX_LIBRARY = "libc++";
				CLANG_ENABLE_MODULES = YES;
				CLANG_ENABLE_OBJC_ARC = YES;
				CLANG_WARN_BLOCK_CAPTURE_AUTORELEASING = YES;
				CLANG_WARN_BOOL_CONVERSION = YES;
				CLANG_WARN_COMMA = YES;
				CLANG_WARN_CONSTANT_CONVERSION = YES;
				CLANG_WARN_DIRECT_OBJC_ISA_USAGE = YES_ERROR;
				CLANG_WARN_DOCUMENTATION_COMMENTS = YES;
				CLANG_WARN_EMPTY_BODY = YES;
				CLANG_WARN_ENUM_CONVERSION = YES;
				CLANG_WARN_INFINITE_RECURSION = YES;
				CLANG_WARN_INT_CONVERSION = YES;
				CLANG_WARN_NON_LITERAL_NULL_CONVERSION = YES;
				CLANG_WARN_OBJC_LITERAL_CONVERSION = YES;
				CLANG_WARN_OBJC_ROOT_CLASS = YES_ERROR;
				CLANG_WARN_RANGE_LOOP_ANALYSIS = YES;
				CLANG_WARN_STRICT_PROTOTYPES = YES;
				CLANG_WARN_SUSPICIOUS_MOVE = YES;
				CLANG_WARN_UNGUARDED_AVAILABILITY = YES_AGGRESSIVE;
				CLANG_WARN_UNREACHABLE_CODE = YES;
				CLANG_WARN__DUPLICATE_METHOD_MATCH = YES;
				CODE_SIGN_IDENTITY = "iPhone Developer";
				COPY_PHASE_STRIP = NO;
				DEBUG_INFORMATION_FORMAT = "dwarf-with-dsym";
				ENABLE_NS_ASSERTIONS = NO;
				ENABLE_STRICT_OBJC_MSGSEND = YES;
				GCC_C_LANGUAGE_STANDARD = gnu11;
				GCC_NO_COMMON_BLOCKS = YES;
				GCC_WARN_64_TO_32_BIT_CONVERSION = YES;
				GCC_WARN_ABOUT_RETURN_TYPE = YES_ERROR;
				GCC_WARN_UNDECLARED_SELECTOR = YES;
				GCC_WARN_UNINITIALIZED_AUTOS = YES_AGGRESSIVE;
				GCC_WARN_UNUSED_FUNCTION = YES;
				GCC_WARN_UNUSED_VARIABLE = YES;
				IPHONEOS_DEPLOYMENT_TARGET = 11.2;
				MTL_ENABLE_DEBUG_INFO = NO;
				SDKROOT = iphoneos;
				SWIFT_OPTIMIZATION_LEVEL = "-Owholemodule";
				VALIDATE_PRODUCT = YES;
			};
			name = Release;
		};
		970196D9205973FF00600377 /* Debug */ = {
			isa = XCBuildConfiguration;
			buildSettings = {
				ASSETCATALOG_COMPILER_APPICON_NAME = AppIcon;
				CODE_SIGN_STYLE = Automatic;
				INFOPLIST_FILE = XmlParser/Info.plist;
				LD_RUNPATH_SEARCH_PATHS = "$(inherited) @executable_path/Frameworks";
				PRODUCT_BUNDLE_IDENTIFIER = Hyups.XmlParser;
				PRODUCT_NAME = "$(TARGET_NAME)";
				SWIFT_VERSION = 4.0;
				TARGETED_DEVICE_FAMILY = "1,2";
			};
			name = Debug;
		};
		970196DA205973FF00600377 /* Release */ = {
			isa = XCBuildConfiguration;
			buildSettings = {
				ASSETCATALOG_COMPILER_APPICON_NAME = AppIcon;
				CODE_SIGN_STYLE = Automatic;
				INFOPLIST_FILE = XmlParser/Info.plist;
				LD_RUNPATH_SEARCH_PATHS = "$(inherited) @executable_path/Frameworks";
				PRODUCT_BUNDLE_IDENTIFIER = Hyups.XmlParser;
				PRODUCT_NAME = "$(TARGET_NAME)";
				SWIFT_VERSION = 4.0;
				TARGETED_DEVICE_FAMILY = "1,2";
			};
			name = Release;
		};
/* End XCBuildConfiguration section */

/* Begin XCConfigurationList section */
		970196C1205973FF00600377 /* Build configuration list for PBXProject "XmlParser" */ = {
			isa = XCConfigurationList;
			buildConfigurations = (
				970196D6205973FF00600377 /* Debug */,
				970196D7205973FF00600377 /* Release */,
			);
			defaultConfigurationIsVisible = 0;
			defaultConfigurationName = Release;
		};
		970196D8205973FF00600377 /* Build configuration list for PBXNativeTarget "XmlParser" */ = {
			isa = XCConfigurationList;
			buildConfigurations = (
				970196D9205973FF00600377 /* Debug */,
				970196DA205973FF00600377 /* Release */,
			);
			defaultConfigurationIsVisible = 0;
			defaultConfigurationName = Release;
		};
/* End XCConfigurationList section */
	};
	rootObject = 970196BE205973FF00600377 /* Project object */;
}
